
Microsoft Visual Studio Solution File, Format Version 12.00
# Visual Studio Version 17
VisualStudioVersion = 17.0.31903.59
MinimumVisualStudioVersion = 10.0.40219.1
Project("{FAE04EC0-301F-11D3-BF4B-00C04F79EFBC}") = "Reaganism.IO", "Reaganism.IO\Reaganism.IO.csproj", "{FD876776-A809-48D1-863F-289ED06F530C}"
EndProject
Project("{FAE04EC0-301F-11D3-BF4B-00C04F79EFBC}") = "Reaganism.Tests", "Reaganism.Tests\Reaganism.Tests.csproj", "{0257705A-F2C7-469A-B0A8-81F235F7C2E1}"
EndProject
Project("{FAE04EC0-301F-11D3-BF4B-00C04F79EFBC}") = "Reaganism.Benchmarks", "Reaganism.Benchmarks\Reaganism.Benchmarks.csproj", "{AEE14E5F-49C5-4547-B4B7-69A9C3EE3351}"
EndProject
Project("{FAE04EC0-301F-11D3-BF4B-00C04F79EFBC}") = "Reaganism.Internal", "Reaganism.Internal\Reaganism.Internal.csproj", "{695D1AE1-8C1E-4E6A-94D2-E193191E4E61}"
EndProject
Project("{9A19103F-16F7-4668-BE54-9A1E7A4F7556}") = "Reaganism.Internal.IL", "Reaganism.Internal.IL\Reaganism.Internal.IL.ilproj", "{84241B14-54A2-469A-B4E9-C3229BEC35FC}"
EndProject
Global
	GlobalSection(SolutionConfigurationPlatforms) = preSolution
		Debug|Any CPU = Debug|Any CPU
		Release|Any CPU = Release|Any CPU
	EndGlobalSection
	GlobalSection(SolutionProperties) = preSolution
		HideSolutionNode = FALSE
	EndGlobalSection
	GlobalSection(ProjectConfigurationPlatforms) = postSolution
		{FD876776-A809-48D1-863F-289ED06F530C}.Debug|Any CPU.ActiveCfg = Debug|Any CPU
		{FD876776-A809-48D1-863F-289ED06F530C}.Debug|Any CPU.Build.0 = Debug|Any CPU
		{FD876776-A809-48D1-863F-289ED06F530C}.Release|Any CPU.ActiveCfg = Release|Any CPU
		{FD876776-A809-48D1-863F-289ED06F530C}.Release|Any CPU.Build.0 = Release|Any CPU
		{0257705A-F2C7-469A-B0A8-81F235F7C2E1}.Debug|Any CPU.ActiveCfg = Debug|Any CPU
		{0257705A-F2C7-469A-B0A8-81F235F7C2E1}.Debug|Any CPU.Build.0 = Debug|Any CPU
		{0257705A-F2C7-469A-B0A8-81F235F7C2E1}.Release|Any CPU.ActiveCfg = Release|Any CPU
		{0257705A-F2C7-469A-B0A8-81F235F7C2E1}.Release|Any CPU.Build.0 = Release|Any CPU
		{AEE14E5F-49C5-4547-B4B7-69A9C3EE3351}.Debug|Any CPU.ActiveCfg = Debug|Any CPU
		{AEE14E5F-49C5-4547-B4B7-69A9C3EE3351}.Debug|Any CPU.Build.0 = Debug|Any CPU
		{AEE14E5F-49C5-4547-B4B7-69A9C3EE3351}.Release|Any CPU.ActiveCfg = Release|Any CPU
		{AEE14E5F-49C5-4547-B4B7-69A9C3EE3351}.Release|Any CPU.Build.0 = Release|Any CPU
		{695D1AE1-8C1E-4E6A-94D2-E193191E4E61}.Debug|Any CPU.ActiveCfg = Debug|Any CPU
		{695D1AE1-8C1E-4E6A-94D2-E193191E4E61}.Debug|Any CPU.Build.0 = Debug|Any CPU
		{695D1AE1-8C1E-4E6A-94D2-E193191E4E61}.Release|Any CPU.ActiveCfg = Release|Any CPU
		{695D1AE1-8C1E-4E6A-94D2-E193191E4E61}.Release|Any CPU.Build.0 = Release|Any CPU
		{84241B14-54A2-469A-B4E9-C3229BEC35FC}.Debug|Any CPU.ActiveCfg = Debug|Any CPU
		{84241B14-54A2-469A-B4E9-C3229BEC35FC}.Debug|Any CPU.Build.0 = Debug|Any CPU
		{84241B14-54A2-469A-B4E9-C3229BEC35FC}.Release|Any CPU.ActiveCfg = Release|Any CPU
		{84241B14-54A2-469A-B4E9-C3229BEC35FC}.Release|Any CPU.Build.0 = Release|Any CPU
	EndGlobalSection
EndGlobal
